
Microsoft Visual Studio Solution File, Format Version 12.00
# Visual Studio Version 17
VisualStudioVersion = 17.9.34728.123
MinimumVisualStudioVersion = 10.0.40219.1
Project("{FAE04EC0-301F-11D3-BF4B-00C04F79EFBC}") = "MaiorMenorIdade", "MaiorMenorIdade\MaiorMenorIdade.csproj", "{36978F7B-EEC0-4D6E-9EA4-97AE4AAAAF8D}"
EndProject
Global
	GlobalSection(SolutionConfigurationPlatforms) = preSolution
		Debug|Any CPU = Debug|Any CPU
		Release|Any CPU = Release|Any CPU
	EndGlobalSection
	GlobalSection(ProjectConfigurationPlatforms) = postSolution
		{36978F7B-EEC0-4D6E-9EA4-97AE4AAAAF8D}.Debug|Any CPU.ActiveCfg = Debug|Any CPU
		{36978F7B-EEC0-4D6E-9EA4-97AE4AAAAF8D}.Debug|Any CPU.Build.0 = Debug|Any CPU
		{36978F7B-EEC0-4D6E-9EA4-97AE4AAAAF8D}.Release|Any CPU.ActiveCfg = Release|Any CPU
		{36978F7B-EEC0-4D6E-9EA4-97AE4AAAAF8D}.Release|Any CPU.Build.0 = Release|Any CPU
	EndGlobalSection
	GlobalSection(SolutionProperties) = preSolution
		HideSolutionNode = FALSE
	EndGlobalSection
	GlobalSection(ExtensibilityGlobals) = postSolution
		SolutionGuid = {030D92A3-E03F-410B-A937-A047A9CD2CDF}
	EndGlobalSection
EndGlobal
